
Microsoft Visual Studio Solution File, Format Version 12.00
# Visual Studio Version 16
VisualStudioVersion = 16.0.31410.357
MinimumVisualStudioVersion = 10.0.40219.1
Project("{FAE04EC0-301F-11D3-BF4B-00C04F79EFBC}") = "SQLProj", "SQLProj\SQLProj.csproj", "{0EF593BA-AD18-414E-AC1D-57889E325032}"
EndProject
Global
	GlobalSection(SolutionConfigurationPlatforms) = preSolution
		Debug|Any CPU = Debug|Any CPU
		Release|Any CPU = Release|Any CPU
	EndGlobalSection
	GlobalSection(ProjectConfigurationPlatforms) = postSolution
		{0EF593BA-AD18-414E-AC1D-57889E325032}.Debug|Any CPU.ActiveCfg = Debug|Any CPU
		{0EF593BA-AD18-414E-AC1D-57889E325032}.Debug|Any CPU.Build.0 = Debug|Any CPU
		{0EF593BA-AD18-414E-AC1D-57889E325032}.Release|Any CPU.ActiveCfg = Release|Any CPU
		{0EF593BA-AD18-414E-AC1D-57889E325032}.Release|Any CPU.Build.0 = Release|Any CPU
	EndGlobalSection
	GlobalSection(SolutionProperties) = preSolution
		HideSolutionNode = FALSE
	EndGlobalSection
	GlobalSection(ExtensibilityGlobals) = postSolution
		SolutionGuid = {EA6EDC67-526A-43D7-819C-069BA767EF43}
	EndGlobalSection
EndGlobal
